# THIS IS AN AUTOGENERATED FILE. DO NOT EDIT THIS FILE DIRECTLY.
# yarn lockfile v1


"asn1.js@github:muromec/asn1.js":
  version "5.4.1"
  resolved "https://codeload.github.com/muromec/asn1.js/tar.gz/7ca2c330ec52fbb5676dd4d54f55fb95b778ba91"
  dependencies:
    bn.js "^4.0.0"
    inherits "^2.0.1"
    minimalistic-assert "^1.0.0"
    safer-buffer "^2.1.0"

base64-js@^1.3.1:
  version "1.5.1"
  resolved "https://registry.yarnpkg.com/base64-js/-/base64-js-1.5.1.tgz#1b1b440160a5bf7ad40b650f095963481903930a"
  integrity sha512-AKpaYlHn8t4SVbOHCy+b5+KKgvR4vrsD8vbvrbiQJps7fKDTkjkDry6ji0rUJjC0kzbNePLwzxq8iypo41qeWA==

"bn.js@>= 0.14":
  version "5.2.4"
  resolved "https://registry.yarnpkg.com/bn.js/-/bn.js-5.2.4.tgz#1208fc250bb193fc5f8f0b5fa59e642e706f7103"
  integrity sha512-QL7sb18rJ1PbdsKsqPA0guxL563vIMwRHgzNrW/uzQuRGN1Cjqd/wonUBAVqHox9KwzHA6vCbM0lXx3k4iQMow==

bn.js@^4.0.0:
  version "4.12.4"
  resolved "https://registry.yarnpkg.com/bn.js/-/bn.js-4.12.4.tgz#72627bb262f2385c51d313cd5e9596ca7cda77d6"
  integrity sha512-njR1b+ixG2ufvL9Zn9JGneW+b5GV6jqpYyPPpg4QVt723b5kJPGUczkUyWEH9BwEA74UakJZ43I4FDLBF7ci0g==

"buffer@>= 3.0":
  version "6.0.3"
  resolved "https://registry.yarnpkg.com/buffer/-/buffer-6.0.3.tgz#2ace578459cc8fbe2a70aaa8f52ee63b6a74c6c6"
  integrity sha512-FTiCpNxtwiZZHEZbcbTIcZjERVICn9yq/pDFkTl95/AxzD1naBctN7YO68riM/gLSDY7sdrMby8hofADYuuqOA==
  dependencies:
    base64-js "^1.3.1"
    ieee754 "^1.2.1"

gost89@^0.1.11:
  version "0.1.11"
  resolved "https://registry.yarnpkg.com/gost89/-/gost89-0.1.11.tgz#f9419942721d9e9f753c242293d9c62bae2943b1"
  integrity sha512-To2TU4EouRMYz8aw/hNJnbAZUbuxyX3d0UsQAsfh3PbrrmVu4uR68ulabmP6O44i+6X9kVBe/TxXfH+OLGgqzg==
  dependencies:
    buffer ">= 3.0"

ieee754@^1.2.1:
  version "1.2.1"
  resolved "https://registry.yarnpkg.com/ieee754/-/ieee754-1.2.1.tgz#8eb7a10a63fff25d15a57b001586d177d1b0d352"
  integrity sha512-dcyqhDvX1C46lXZcVqCpK+FtMRQVdIMN6/Df5js2zouUsqG7I6sFxitIC+7KYK29KdXOLHdu9zL4sFnoVQnqaA==

inherits@^2.0.1:
  version "2.0.4"
  resolved "https://registry.yarnpkg.com/inherits/-/inherits-2.0.4.tgz#0fa2c64f932917c3433a0ded55363aae37416b7c"
  integrity sha512-k/vGaX4/Yla3WzyMCvTQOXYeIHvqOKtnqBduzTHpzpQZzAskKMhZ2K+EnBiSM9zGSoIFeMpXKxa4dYeZIQqewQ==

jksreader@^1.0.0:
  version "1.0.0"
  resolved "https://registry.yarnpkg.com/jksreader/-/jksreader-1.0.0.tgz#f40946ff1f758c540ef701452c37cfa28d2a4fe8"
  integrity sha512-fSZ64WyfAXHoaE3J5opHh7DSCL3Kfy3CzRkLX2Kz9kmHUa8DrnrQKPhBgi2mapGu7SUwuzgCw/xPtGzZj4pWgQ==
  dependencies:
    js-sha1 "^0.6.0"

jkurwa@^1.21.11:
  version "1.21.11"
  resolved "https://registry.yarnpkg.com/jkurwa/-/jkurwa-1.21.11.tgz#50a0573ba8251665cd07ee894360b30218f03035"
  integrity sha512-R8yg+jxca7mKfl/4DTmsSgFSocJYaxKcEOlnzjiXWwmc7tHLaap56l9W2QWd0zXepYoSp8+sdNH6gOC9tDznXw==
  dependencies:
    asn1.js muromec/asn1.js
    bn.js ">= 0.14"
    buffer ">= 3.0"
    jksreader "^1.0.0"
    js-lzma "0.x"

js-lzma@0.x:
  version "0.1.0"
  resolved "https://registry.yarnpkg.com/js-lzma/-/js-lzma-0.1.0.tgz#790d72137b2446b61f3ff4d012294e5d21f83de3"
  integrity sha512-haRneXeWG1dWHEotKoAPNRhYrglqdLtdfZ2TSpVO9AfHdsszdHkW6Okb/5zG+1RlZe9gJOtb6yKY/FakHG5tOw==

js-sha1@^0.6.0:
  version "0.6.0"
  resolved "https://registry.yarnpkg.com/js-sha1/-/js-sha1-0.6.0.tgz#adbee10f0e8e18aa07cdea807cf08e9183dbc7f9"
  integrity sha512-01gwBFreYydzmU9BmZxpVk6svJJHrVxEN3IOiGl6VO93bVKYETJ0sIth6DASI6mIFdt7NmfX9UiByRzsYHGU9w==

minimalistic-assert@^1.0.0:
  version "1.0.1"
  resolved "https://registry.yarnpkg.com/minimalistic-assert/-/minimalistic-assert-1.0.1.tgz#2e194de044626d4a10e7f7fbc00ce73e83e4d5c7"
  integrity sha512-UtJcAD4yEaGtjPezWuO9wC4nwUnVH/8/Im3yEHQP4b67cXlD/Qr9hdITCU1xDbSEXg2XKNaP8jsReV7vQd00/A==

safer-buffer@^2.1.0:
  version "2.1.2"
  resolved "https://registry.yarnpkg.com/safer-buffer/-/safer-buffer-2.1.2.tgz#44fa161b0187b9549dd84bb91802f9bd8385cd6a"
  integrity sha512-YZo3K82SD7Riyi0E1EQPojLz7kpepnSQI9IyPbHHg1XXXevb5dJI7tpyN2ADxGcQbHG7vcyRHk0cbwqcQriUtg==
